<?xml version="1.0" encoding="utf-8"?>
<Project ToolsVersion="4.0" xmlns="http://schemas.microsoft.com/developer/msbuild/2003">
  <ItemGroup>
    <Filter Include="tests">
      <UniqueIdentifier>{bbd51475-d906-4229-b19c-2c8878957bb8}</UniqueIdentifier>
    </Filter>
    <Filter Include="tests\utl">
      <UniqueIdentifier>{1554fc1f-9f62-46ed-a676-f90edbf76d68}</UniqueIdentifier>
    </Filter>
    <Filter Include="tests\lua">
      <UniqueIdentifier>{c82b157f-560d-44cc-a02d-31a015a8a4b3}</UniqueIdentifier>
    </Filter>
    <Filter Include="thirdparty">
      <UniqueIdentifier>{a889dcdc-177c-4ea1-ad3e-c949a08bbd43}</UniqueIdentifier>
    </Filter>
    <Filter Include="thirdparty\lua">
      <UniqueIdentifier>{e75c1b73-ee4e-4c6f-afa0-959a6aaa8c48}</UniqueIdentifier>
    </Filter>
  </ItemGroup>
  <ItemGroup>
    <ClCompile Include="..\..\src\tests\utl\utl_array_tests.c">
      <Filter>tests\utl</Filter>
    </ClCompile>
    <ClCompile Include="..\..\src\tests\main.c">
      <Filter>tests</Filter>
    </ClCompile>
    <ClCompile Include="..\..\src\tests\utl\utl_ringbuf_tests.c">
      <Filter>tests\utl</Filter>
    </ClCompile>
    <ClCompile Include="..\..\src\tests\lua\lua_script_tests.c">
      <Filter>tests\lua</Filter>
    </ClCompile>
    <ClCompile Include="..\..\src\thirdparty\lua\lua.c">
      <Filter>thirdparty\lua</Filter>
    </ClCompile>
  </ItemGroup>
  <ItemGroup>
    <ClInclude Include="..\..\src\tests\tests.h">
      <Filter>tests</Filter>
    </ClInclude>
    <ClInclude Include="..\..\src\thirdparty\lua\lua.h">
      <Filter>thirdparty\lua</Filter>
    </ClInclude>
  </ItemGroup>
</Project>