<?xml version="1.0" encoding="utf-8"?>
<Project ToolsVersion="4.0" xmlns="http://schemas.microsoft.com/developer/msbuild/2003">
  <ItemGroup>
    <Filter Include="tests">
      <UniqueIdentifier>{bbd51475-d906-4229-b19c-2c8878957bb8}</UniqueIdentifier>
    </Filter>
    <Filter Include="tests\utl">
      <UniqueIdentifier>{1554fc1f-9f62-46ed-a676-f90edbf76d68}</UniqueIdentifier>
    </Filter>
    <Filter Include="utl">
      <UniqueIdentifier>{5da52b59-0d56-4a74-bd7e-2e23a227329b}</UniqueIdentifier>
    </Filter>
  </ItemGroup>
  <ItemGroup>
    <ClCompile Include="..\..\src\tests\utl\utl_array_tests.c">
      <Filter>tests\utl</Filter>
    </ClCompile>
    <ClCompile Include="..\..\src\tests\main.c">
      <Filter>tests</Filter>
    </ClCompile>
    <ClCompile Include="utl_ringbuf_tests.c">
      <Filter>tests\utl</Filter>
    </ClCompile>
    <ClCompile Include="..\..\src\utl\utl_ringbuf.c">
      <Filter>utl</Filter>
    </ClCompile>
  </ItemGroup>
  <ItemGroup>
    <ClInclude Include="..\..\src\tests\tests.h">
      <Filter>tests</Filter>
    </ClInclude>
    <ClInclude Include="..\..\src\utl\utl_array.h">
      <Filter>utl</Filter>
    </ClInclude>
    <ClInclude Include="..\..\src\utl\utl_ringbuf.h">
      <Filter>utl</Filter>
    </ClInclude>
  </ItemGroup>
</Project>