
Microsoft Visual Studio Solution File, Format Version 12.00
# Visual Studio 15
VisualStudioVersion = 15.0.27703.2042
MinimumVisualStudioVersion = 10.0.40219.1
Project("{8BC9CEB8-8B4A-11D0-8D11-00A0C91BC942}") = "jetz-tests", "jetz-tests\jetz-tests.vcxproj", "{D02380C1-9922-47FA-BBB8-7DFFBEAFCB4B}"
EndProject
Project("{8BC9CEB8-8B4A-11D0-8D11-00A0C91BC942}") = "jetz-windows", "jetz-windows\jetz-windows.vcxproj", "{96505DA3-BF62-4357-AC44-ABE46287E29C}"
	ProjectSection(ProjectDependencies) = postProject
		{D874A36A-A56B-46B1-B17F-D21AD4BDCF1A} = {D874A36A-A56B-46B1-B17F-D21AD4BDCF1A}
	EndProjectSection
EndProject
Project("{8BC9CEB8-8B4A-11D0-8D11-00A0C91BC942}") = "jetz-shaders", "jetz-shaders\jetz-shaders.vcxproj", "{D874A36A-A56B-46B1-B17F-D21AD4BDCF1A}"
EndProject
Global
	GlobalSection(SolutionConfigurationPlatforms) = preSolution
		Debug|x64 = Debug|x64
		Debug|x86 = Debug|x86
		Release|x64 = Release|x64
		Release|x86 = Release|x86
	EndGlobalSection
	GlobalSection(ProjectConfigurationPlatforms) = postSolution
		{D02380C1-9922-47FA-BBB8-7DFFBEAFCB4B}.Debug|x64.ActiveCfg = Debug|x64
		{D02380C1-9922-47FA-BBB8-7DFFBEAFCB4B}.Debug|x64.Build.0 = Debug|x64
		{D02380C1-9922-47FA-BBB8-7DFFBEAFCB4B}.Debug|x86.ActiveCfg = Debug|x64
		{D02380C1-9922-47FA-BBB8-7DFFBEAFCB4B}.Release|x64.ActiveCfg = Release|x64
		{D02380C1-9922-47FA-BBB8-7DFFBEAFCB4B}.Release|x64.Build.0 = Release|x64
		{D02380C1-9922-47FA-BBB8-7DFFBEAFCB4B}.Release|x86.ActiveCfg = Release|x64
		{96505DA3-BF62-4357-AC44-ABE46287E29C}.Debug|x64.ActiveCfg = Debug|x64
		{96505DA3-BF62-4357-AC44-ABE46287E29C}.Debug|x64.Build.0 = Debug|x64
		{96505DA3-BF62-4357-AC44-ABE46287E29C}.Debug|x86.ActiveCfg = Debug|Win32
		{96505DA3-BF62-4357-AC44-ABE46287E29C}.Debug|x86.Build.0 = Debug|Win32
		{96505DA3-BF62-4357-AC44-ABE46287E29C}.Release|x64.ActiveCfg = Release|x64
		{96505DA3-BF62-4357-AC44-ABE46287E29C}.Release|x64.Build.0 = Release|x64
		{96505DA3-BF62-4357-AC44-ABE46287E29C}.Release|x86.ActiveCfg = Release|Win32
		{96505DA3-BF62-4357-AC44-ABE46287E29C}.Release|x86.Build.0 = Release|Win32
		{D874A36A-A56B-46B1-B17F-D21AD4BDCF1A}.Debug|x64.ActiveCfg = Debug|x64
		{D874A36A-A56B-46B1-B17F-D21AD4BDCF1A}.Debug|x64.Build.0 = Debug|x64
		{D874A36A-A56B-46B1-B17F-D21AD4BDCF1A}.Debug|x86.ActiveCfg = Debug|Win32
		{D874A36A-A56B-46B1-B17F-D21AD4BDCF1A}.Debug|x86.Build.0 = Debug|Win32
		{D874A36A-A56B-46B1-B17F-D21AD4BDCF1A}.Release|x64.ActiveCfg = Release|x64
		{D874A36A-A56B-46B1-B17F-D21AD4BDCF1A}.Release|x64.Build.0 = Release|x64
		{D874A36A-A56B-46B1-B17F-D21AD4BDCF1A}.Release|x86.ActiveCfg = Release|Win32
		{D874A36A-A56B-46B1-B17F-D21AD4BDCF1A}.Release|x86.Build.0 = Release|Win32
	EndGlobalSection
	GlobalSection(SolutionProperties) = preSolution
		HideSolutionNode = FALSE
	EndGlobalSection
	GlobalSection(ExtensibilityGlobals) = postSolution
		SolutionGuid = {96153E3A-8C08-4028-B2B4-0106363C207C}
	EndGlobalSection
EndGlobal
