<?xml version="1.0" encoding="utf-8"?>
<Project ToolsVersion="4.0" xmlns="http://schemas.microsoft.com/developer/msbuild/2003">
  <ItemGroup>
    <Filter Include="thirdparty">
      <UniqueIdentifier>{bfd419d4-abc4-4841-9a2d-5e3777b42610}</UniqueIdentifier>
    </Filter>
    <Filter Include="thirdparty\vma">
      <UniqueIdentifier>{adb2a1b9-ca1d-458a-a65b-771eff02048b}</UniqueIdentifier>
    </Filter>
    <Filter Include="platform">
      <UniqueIdentifier>{ec23d00e-f211-419a-aab0-ba0d2e89b2a0}</UniqueIdentifier>
    </Filter>
    <Filter Include="platform\glfw">
      <UniqueIdentifier>{d8e30f66-c63d-4b78-826e-3d06510eb96b}</UniqueIdentifier>
    </Filter>
    <Filter Include="thirdparty\lua">
      <UniqueIdentifier>{d0d83da3-db32-4bbe-9fb6-53c6b764f2a2}</UniqueIdentifier>
    </Filter>
    <Filter Include="app">
      <UniqueIdentifier>{c0bb6314-97e5-44ff-bb14-74a7afb5ac2a}</UniqueIdentifier>
    </Filter>
    <Filter Include="app\game">
      <UniqueIdentifier>{a185d3d2-3d02-4113-98de-8328e4563e3b}</UniqueIdentifier>
    </Filter>
  </ItemGroup>
  <ItemGroup>
    <ClInclude Include="..\..\src\thirdparty\vma\vma.h">
      <Filter>thirdparty\vma</Filter>
    </ClInclude>
    <ClInclude Include="..\..\src\platform\glfw\glfw.h">
      <Filter>platform\glfw</Filter>
    </ClInclude>
    <ClInclude Include="..\..\src\thirdparty\lua\lua.h">
      <Filter>thirdparty\lua</Filter>
    </ClInclude>
    <ClInclude Include="..\..\src\platform\glfw\glfw_window.h">
      <Filter>platform\glfw</Filter>
    </ClInclude>
    <ClInclude Include="..\..\src\platform\glfw\glfw_window_.h">
      <Filter>platform\glfw</Filter>
    </ClInclude>
    <ClInclude Include="..\..\src\platform\glfw\glfw_shared_vulkan.h">
      <Filter>platform\glfw</Filter>
    </ClInclude>
    <ClInclude Include="..\..\src\app\game\jetz.h">
      <Filter>app\game</Filter>
    </ClInclude>
    <ClInclude Include="..\..\src\app\game\jetz_.h">
      <Filter>app\game</Filter>
    </ClInclude>
  </ItemGroup>
  <ItemGroup>
    <ClCompile Include="..\..\src\thirdparty\vma\vma.cpp">
      <Filter>thirdparty\vma</Filter>
    </ClCompile>
    <ClCompile Include="..\..\src\platform\glfw\glfw_main.c">
      <Filter>platform\glfw</Filter>
    </ClCompile>
    <ClCompile Include="..\..\src\thirdparty\lua\lua.c">
      <Filter>thirdparty\lua</Filter>
    </ClCompile>
    <ClCompile Include="..\..\src\platform\glfw\glfw_shared.c">
      <Filter>platform\glfw</Filter>
    </ClCompile>
    <ClCompile Include="..\..\src\platform\glfw\glfw_window.c">
      <Filter>platform\glfw</Filter>
    </ClCompile>
    <ClCompile Include="..\..\src\platform\glfw\glfw_shared_vulkan.c">
      <Filter>platform\glfw</Filter>
    </ClCompile>
    <ClCompile Include="..\..\src\app\game\jetz.c">
      <Filter>app\game</Filter>
    </ClCompile>
  </ItemGroup>
</Project>