<?xml version="1.0" encoding="utf-8"?>
<Project ToolsVersion="4.0" xmlns="http://schemas.microsoft.com/developer/msbuild/2003">
  <ItemGroup>
    <Filter Include="ecs">
      <UniqueIdentifier>{5946c917-f373-471a-9d6a-211b3396e960}</UniqueIdentifier>
    </Filter>
    <Filter Include="engine">
      <UniqueIdentifier>{f3bb5db4-c38f-4e7f-9afa-27804f1a2d7b}</UniqueIdentifier>
    </Filter>
    <Filter Include="gpu">
      <UniqueIdentifier>{71b19255-4b35-4497-856b-d829a0eb3a45}</UniqueIdentifier>
    </Filter>
    <Filter Include="utl">
      <UniqueIdentifier>{1d8be634-6b25-4e1e-b561-f3088d4a6172}</UniqueIdentifier>
    </Filter>
    <Filter Include="gpu\vlk">
      <UniqueIdentifier>{f22b4524-1bbd-49ae-a4b8-9627fd6607c9}</UniqueIdentifier>
    </Filter>
    <Filter Include="ecs\systems">
      <UniqueIdentifier>{de97c7fa-5ba0-4e3b-bbef-66d1619c925b}</UniqueIdentifier>
    </Filter>
    <Filter Include="thirdparty">
      <UniqueIdentifier>{bfd419d4-abc4-4841-9a2d-5e3777b42610}</UniqueIdentifier>
    </Filter>
    <Filter Include="thirdparty\md5">
      <UniqueIdentifier>{c398afe1-552b-4ac0-917b-1266eb5bbee6}</UniqueIdentifier>
    </Filter>
    <Filter Include="thirdparty\vma">
      <UniqueIdentifier>{adb2a1b9-ca1d-458a-a65b-771eff02048b}</UniqueIdentifier>
    </Filter>
    <Filter Include="gpu\vlk\descriptors">
      <UniqueIdentifier>{3549e6fe-d3ed-4480-b811-cca0bbc5bd99}</UniqueIdentifier>
    </Filter>
    <Filter Include="thirdparty\cglm">
      <UniqueIdentifier>{7db5161f-3777-4065-8488-ce6e27fbdc58}</UniqueIdentifier>
    </Filter>
    <Filter Include="platform">
      <UniqueIdentifier>{ec23d00e-f211-419a-aab0-ba0d2e89b2a0}</UniqueIdentifier>
    </Filter>
    <Filter Include="platform\glfw">
      <UniqueIdentifier>{d8e30f66-c63d-4b78-826e-3d06510eb96b}</UniqueIdentifier>
    </Filter>
  </ItemGroup>
  <ItemGroup>
    <ClInclude Include="..\..\src\utl\utl_array.h">
      <Filter>utl</Filter>
    </ClInclude>
    <ClInclude Include="..\..\src\utl\utl_ringbuf.h">
      <Filter>utl</Filter>
    </ClInclude>
    <ClInclude Include="..\..\src\gpu\vlk\vlk.h">
      <Filter>gpu\vlk</Filter>
    </ClInclude>
    <ClInclude Include="..\..\src\gpu\gpu_model.h">
      <Filter>gpu</Filter>
    </ClInclude>
    <ClInclude Include="..\..\src\engine\engine.h">
      <Filter>engine</Filter>
    </ClInclude>
    <ClInclude Include="..\..\src\ecs\systems\render_system.h">
      <Filter>ecs\systems</Filter>
    </ClInclude>
    <ClInclude Include="..\..\src\ecs\ecs.h">
      <Filter>ecs</Filter>
    </ClInclude>
    <ClInclude Include="..\..\src\ecs\components.h">
      <Filter>ecs</Filter>
    </ClInclude>
    <ClInclude Include="..\..\src\thirdparty\md5\md5model.h">
      <Filter>thirdparty\md5</Filter>
    </ClInclude>
    <ClInclude Include="..\..\src\gpu\vlk\vlk_prv.h">
      <Filter>gpu\vlk</Filter>
    </ClInclude>
    <ClInclude Include="..\..\src\thirdparty\vma\vma.h">
      <Filter>thirdparty\vma</Filter>
    </ClInclude>
    <ClInclude Include="..\..\src\gpu\vlk\vlk_prv_plane.h">
      <Filter>gpu\vlk</Filter>
    </ClInclude>
    <ClInclude Include="..\..\src\engine\camera.h">
      <Filter>engine</Filter>
    </ClInclude>
    <ClInclude Include="..\..\src\thirdparty\cglm\src\config.h">
      <Filter>thirdparty\cglm</Filter>
    </ClInclude>
    <ClInclude Include="..\..\src\gpu\gpu_plane.h">
      <Filter>gpu</Filter>
    </ClInclude>
    <ClInclude Include="..\..\src\gpu\gpu.h">
      <Filter>gpu</Filter>
    </ClInclude>
    <ClInclude Include="..\..\src\utl\utl.h">
      <Filter>utl</Filter>
    </ClInclude>
    <ClInclude Include="..\..\src\utl\utl_math.h">
      <Filter>utl</Filter>
    </ClInclude>
    <ClInclude Include="..\..\src\utl\utl_log.h">
      <Filter>utl</Filter>
    </ClInclude>
    <ClInclude Include="..\..\src\platform\platform.h">
      <Filter>platform</Filter>
    </ClInclude>
    <ClInclude Include="..\..\src\platform\glfw\glfw.h">
      <Filter>platform\glfw</Filter>
    </ClInclude>
    <ClInclude Include="..\..\src\common.h" />
  </ItemGroup>
  <ItemGroup>
    <ClCompile Include="..\..\src\utl\utl_ringbuf.c">
      <Filter>utl</Filter>
    </ClCompile>
    <ClCompile Include="..\..\src\gpu\vlk\vlk.c">
      <Filter>gpu\vlk</Filter>
    </ClCompile>
    <ClCompile Include="..\..\src\gpu\vlk\vlk_dbg.c">
      <Filter>gpu\vlk</Filter>
    </ClCompile>
    <ClCompile Include="..\..\src\gpu\vlk\vlk_gpu.c">
      <Filter>gpu\vlk</Filter>
    </ClCompile>
    <ClCompile Include="..\..\src\gpu\vlk\vlk_setup.c">
      <Filter>gpu\vlk</Filter>
    </ClCompile>
    <ClCompile Include="..\..\src\engine\engine.c">
      <Filter>engine</Filter>
    </ClCompile>
    <ClCompile Include="..\..\src\ecs\systems\render_system.c">
      <Filter>ecs\systems</Filter>
    </ClCompile>
    <ClCompile Include="..\..\src\ecs\ecs.c">
      <Filter>ecs</Filter>
    </ClCompile>
    <ClCompile Include="..\..\src\gpu\vlk\vlk_device.c">
      <Filter>gpu\vlk</Filter>
    </ClCompile>
    <ClCompile Include="..\..\src\gpu\vlk\vlk_swapchain.c">
      <Filter>gpu\vlk</Filter>
    </ClCompile>
    <ClCompile Include="..\..\src\thirdparty\md5\md5anim.c">
      <Filter>thirdparty\md5</Filter>
    </ClCompile>
    <ClCompile Include="..\..\src\thirdparty\md5\md5mesh.c">
      <Filter>thirdparty\md5</Filter>
    </ClCompile>
    <ClCompile Include="..\..\src\thirdparty\vma\vma.cpp">
      <Filter>thirdparty\vma</Filter>
    </ClCompile>
    <ClCompile Include="..\..\src\gpu\vlk\vlk_buffer.c">
      <Filter>gpu\vlk</Filter>
    </ClCompile>
    <ClCompile Include="..\..\src\gpu\vlk\vlk_plane_pipeline.c">
      <Filter>gpu\vlk</Filter>
    </ClCompile>
    <ClCompile Include="..\..\src\gpu\vlk\vlk_buffer_array.c">
      <Filter>gpu\vlk</Filter>
    </ClCompile>
    <ClCompile Include="..\..\src\gpu\vlk\descriptors\vlk_per_view_layout.c">
      <Filter>gpu\vlk\descriptors</Filter>
    </ClCompile>
    <ClCompile Include="..\..\src\gpu\vlk\descriptors\vlk_per_view_set.c">
      <Filter>gpu\vlk\descriptors</Filter>
    </ClCompile>
    <ClCompile Include="..\..\src\engine\camera.c">
      <Filter>engine</Filter>
    </ClCompile>
    <ClCompile Include="..\..\src\thirdparty\cglm\src\affine.c">
      <Filter>thirdparty\cglm</Filter>
    </ClCompile>
    <ClCompile Include="..\..\src\thirdparty\cglm\src\bezier.c">
      <Filter>thirdparty\cglm</Filter>
    </ClCompile>
    <ClCompile Include="..\..\src\thirdparty\cglm\src\box.c">
      <Filter>thirdparty\cglm</Filter>
    </ClCompile>
    <ClCompile Include="..\..\src\thirdparty\cglm\src\cam.c">
      <Filter>thirdparty\cglm</Filter>
    </ClCompile>
    <ClCompile Include="..\..\src\thirdparty\cglm\src\curve.c">
      <Filter>thirdparty\cglm</Filter>
    </ClCompile>
    <ClCompile Include="..\..\src\thirdparty\cglm\src\ease.c">
      <Filter>thirdparty\cglm</Filter>
    </ClCompile>
    <ClCompile Include="..\..\src\thirdparty\cglm\src\euler.c">
      <Filter>thirdparty\cglm</Filter>
    </ClCompile>
    <ClCompile Include="..\..\src\thirdparty\cglm\src\frustum.c">
      <Filter>thirdparty\cglm</Filter>
    </ClCompile>
    <ClCompile Include="..\..\src\thirdparty\cglm\src\io.c">
      <Filter>thirdparty\cglm</Filter>
    </ClCompile>
    <ClCompile Include="..\..\src\thirdparty\cglm\src\mat3.c">
      <Filter>thirdparty\cglm</Filter>
    </ClCompile>
    <ClCompile Include="..\..\src\thirdparty\cglm\src\mat4.c">
      <Filter>thirdparty\cglm</Filter>
    </ClCompile>
    <ClCompile Include="..\..\src\thirdparty\cglm\src\plane.c">
      <Filter>thirdparty\cglm</Filter>
    </ClCompile>
    <ClCompile Include="..\..\src\thirdparty\cglm\src\project.c">
      <Filter>thirdparty\cglm</Filter>
    </ClCompile>
    <ClCompile Include="..\..\src\thirdparty\cglm\src\quat.c">
      <Filter>thirdparty\cglm</Filter>
    </ClCompile>
    <ClCompile Include="..\..\src\thirdparty\cglm\src\sphere.c">
      <Filter>thirdparty\cglm</Filter>
    </ClCompile>
    <ClCompile Include="..\..\src\thirdparty\cglm\src\vec3.c">
      <Filter>thirdparty\cglm</Filter>
    </ClCompile>
    <ClCompile Include="..\..\src\thirdparty\cglm\src\vec4.c">
      <Filter>thirdparty\cglm</Filter>
    </ClCompile>
    <ClCompile Include="..\..\src\platform\glfw\glfw_main.c">
      <Filter>platform\glfw</Filter>
    </ClCompile>
  </ItemGroup>
</Project>