<?xml version="1.0" encoding="utf-8"?>
<Project ToolsVersion="4.0" xmlns="http://schemas.microsoft.com/developer/msbuild/2003">
  <ItemGroup>
    <Filter Include="platform">
      <UniqueIdentifier>{dde31ded-3143-4305-b7ef-5123bafb9066}</UniqueIdentifier>
    </Filter>
    <Filter Include="platform\glfw">
      <UniqueIdentifier>{c9157d93-ac04-47be-96b4-e0fd953c22f2}</UniqueIdentifier>
    </Filter>
    <Filter Include="thirdparty">
      <UniqueIdentifier>{39d3ee78-447c-4766-bcf7-8608118ac56b}</UniqueIdentifier>
    </Filter>
    <Filter Include="thirdparty\lua">
      <UniqueIdentifier>{19172561-e719-4423-8d39-7a48843f9e3c}</UniqueIdentifier>
    </Filter>
    <Filter Include="thirdparty\vma">
      <UniqueIdentifier>{21e30d73-dc1a-4944-aad6-7852d30a3d88}</UniqueIdentifier>
    </Filter>
    <Filter Include="gpu">
      <UniqueIdentifier>{83052b41-35ba-4c27-9644-900fd2cff1a1}</UniqueIdentifier>
    </Filter>
    <Filter Include="gpu\vlk">
      <UniqueIdentifier>{e07a5225-1f2b-4cc3-b68f-b1b3fec727a2}</UniqueIdentifier>
    </Filter>
    <Filter Include="gpu\vlk\descriptors">
      <UniqueIdentifier>{d0ed8c79-8613-4b17-a99c-1cea2f8d6ff1}</UniqueIdentifier>
    </Filter>
    <Filter Include="gpu\vlk\models">
      <UniqueIdentifier>{ba019183-6a3a-4a7c-9552-d42de81a10c3}</UniqueIdentifier>
    </Filter>
    <Filter Include="gpu\vlk\pipelines">
      <UniqueIdentifier>{3db36c59-4d0e-4517-9a61-0d8c155ffb12}</UniqueIdentifier>
    </Filter>
    <Filter Include="app">
      <UniqueIdentifier>{820949ae-8d32-46cb-a637-35b4d5f238b8}</UniqueIdentifier>
    </Filter>
    <Filter Include="app\editor">
      <UniqueIdentifier>{0b3ccb56-7c6b-44cd-8849-c8e8a8ac421f}</UniqueIdentifier>
    </Filter>
  </ItemGroup>
  <ItemGroup>
    <ClCompile Include="..\..\src\platform\glfw\glfw_main_editor.c">
      <Filter>platform\glfw</Filter>
    </ClCompile>
    <ClCompile Include="..\..\src\platform\glfw\glfw_shared.c">
      <Filter>platform\glfw</Filter>
    </ClCompile>
    <ClCompile Include="..\..\src\thirdparty\lua\lua.c">
      <Filter>thirdparty\lua</Filter>
    </ClCompile>
    <ClCompile Include="..\..\src\thirdparty\vma\vma.cpp">
      <Filter>thirdparty\vma</Filter>
    </ClCompile>
    <ClCompile Include="..\..\src\gpu\vlk\vlk.c">
      <Filter>gpu\vlk</Filter>
    </ClCompile>
    <ClCompile Include="..\..\src\gpu\vlk\vlk_buffer.c">
      <Filter>gpu\vlk</Filter>
    </ClCompile>
    <ClCompile Include="..\..\src\gpu\vlk\vlk_buffer_array.c">
      <Filter>gpu\vlk</Filter>
    </ClCompile>
    <ClCompile Include="..\..\src\gpu\vlk\vlk_dbg.c">
      <Filter>gpu\vlk</Filter>
    </ClCompile>
    <ClCompile Include="..\..\src\gpu\vlk\vlk_device.c">
      <Filter>gpu\vlk</Filter>
    </ClCompile>
    <ClCompile Include="..\..\src\gpu\vlk\vlk_gpu.c">
      <Filter>gpu\vlk</Filter>
    </ClCompile>
    <ClCompile Include="..\..\src\gpu\vlk\vlk_material.c">
      <Filter>gpu\vlk</Filter>
    </ClCompile>
    <ClCompile Include="..\..\src\gpu\vlk\vlk_plane.c">
      <Filter>gpu\vlk</Filter>
    </ClCompile>
    <ClCompile Include="..\..\src\gpu\vlk\vlk_setup.c">
      <Filter>gpu\vlk</Filter>
    </ClCompile>
    <ClCompile Include="..\..\src\gpu\vlk\vlk_swapchain.c">
      <Filter>gpu\vlk</Filter>
    </ClCompile>
    <ClCompile Include="..\..\src\gpu\vlk\vlk_texture.c">
      <Filter>gpu\vlk</Filter>
    </ClCompile>
    <ClCompile Include="..\..\src\gpu\vlk\descriptors\vlk_material_layout.c">
      <Filter>gpu\vlk\descriptors</Filter>
    </ClCompile>
    <ClCompile Include="..\..\src\gpu\vlk\descriptors\vlk_material_set.c">
      <Filter>gpu\vlk\descriptors</Filter>
    </ClCompile>
    <ClCompile Include="..\..\src\gpu\vlk\descriptors\vlk_per_view_layout.c">
      <Filter>gpu\vlk\descriptors</Filter>
    </ClCompile>
    <ClCompile Include="..\..\src\gpu\vlk\descriptors\vlk_per_view_set.c">
      <Filter>gpu\vlk\descriptors</Filter>
    </ClCompile>
    <ClCompile Include="..\..\src\gpu\vlk\models\vlk_anim_mesh.c">
      <Filter>gpu\vlk\models</Filter>
    </ClCompile>
    <ClCompile Include="..\..\src\gpu\vlk\models\vlk_anim_model.c">
      <Filter>gpu\vlk\models</Filter>
    </ClCompile>
    <ClCompile Include="..\..\src\gpu\vlk\models\vlk_static_mesh.c">
      <Filter>gpu\vlk\models</Filter>
    </ClCompile>
    <ClCompile Include="..\..\src\gpu\vlk\models\vlk_static_model.c">
      <Filter>gpu\vlk\models</Filter>
    </ClCompile>
    <ClCompile Include="..\..\src\gpu\vlk\pipelines\vlk_md5_pipeline.c">
      <Filter>gpu\vlk\pipelines</Filter>
    </ClCompile>
    <ClCompile Include="..\..\src\gpu\vlk\pipelines\vlk_obj_pipeline.c">
      <Filter>gpu\vlk\pipelines</Filter>
    </ClCompile>
    <ClCompile Include="..\..\src\gpu\vlk\pipelines\vlk_plane_pipeline.c">
      <Filter>gpu\vlk\pipelines</Filter>
    </ClCompile>
    <ClCompile Include="..\..\src\platform\glfw\glfw_window.c">
      <Filter>platform\glfw</Filter>
    </ClCompile>
    <ClCompile Include="..\..\src\gpu\vlk\vlk_window.c">
      <Filter>gpu\vlk</Filter>
    </ClCompile>
    <ClCompile Include="..\..\src\gpu\vlk\vlk_frame.c">
      <Filter>gpu\vlk</Filter>
    </ClCompile>
    <ClCompile Include="..\..\src\platform\glfw\glfw_shared_vulkan.c">
      <Filter>platform\glfw</Filter>
    </ClCompile>
    <ClCompile Include="..\..\src\app\editor\ed.c">
      <Filter>app\editor</Filter>
    </ClCompile>
    <ClCompile Include="..\..\src\gpu\vlk\pipelines\vlk_imgui_pipeline.c">
      <Filter>gpu\vlk\pipelines</Filter>
    </ClCompile>
    <ClCompile Include="..\..\src\gpu\vlk\pipelines\vlk_picker_pipeline.c">
      <Filter>gpu\vlk\pipelines</Filter>
    </ClCompile>
    <ClCompile Include="..\..\src\gpu\vlk\vlk_utl.c">
      <Filter>gpu\vlk</Filter>
    </ClCompile>
    <ClCompile Include="..\..\src\app\editor\ed_undo.c">
      <Filter>app\editor</Filter>
    </ClCompile>
    <ClCompile Include="..\..\src\app\editor\ed_cmd.c">
      <Filter>app\editor</Filter>
    </ClCompile>
    <ClCompile Include="..\..\src\app\editor\ed_ui_properties.c">
      <Filter>app\editor</Filter>
    </ClCompile>
  </ItemGroup>
  <ItemGroup>
    <ClInclude Include="..\..\src\platform\glfw\glfw.h">
      <Filter>platform\glfw</Filter>
    </ClInclude>
    <ClInclude Include="..\..\src\thirdparty\lua\lua.h">
      <Filter>thirdparty\lua</Filter>
    </ClInclude>
    <ClInclude Include="..\..\src\thirdparty\vma\vma.h">
      <Filter>thirdparty\vma</Filter>
    </ClInclude>
    <ClInclude Include="..\..\src\gpu\vlk\vlk.h">
      <Filter>gpu\vlk</Filter>
    </ClInclude>
    <ClInclude Include="..\..\src\gpu\vlk\vlk_prv.h">
      <Filter>gpu\vlk</Filter>
    </ClInclude>
    <ClInclude Include="..\..\src\platform\glfw\glfw_window.h">
      <Filter>platform\glfw</Filter>
    </ClInclude>
    <ClInclude Include="..\..\src\platform\glfw\glfw_window_.h">
      <Filter>platform\glfw</Filter>
    </ClInclude>
    <ClInclude Include="..\..\src\platform\glfw\glfw_shared_vulkan.h">
      <Filter>platform\glfw</Filter>
    </ClInclude>
    <ClInclude Include="..\..\src\app\editor\ed.h">
      <Filter>app\editor</Filter>
    </ClInclude>
    <ClInclude Include="..\..\src\app\editor\ed_.h">
      <Filter>app\editor</Filter>
    </ClInclude>
    <ClInclude Include="..\..\src\gpu\vlk\vlk_utl.h">
      <Filter>gpu\vlk</Filter>
    </ClInclude>
    <ClInclude Include="..\..\src\gpu\vlk\models\vlk_static_model.h">
      <Filter>gpu\vlk\models</Filter>
    </ClInclude>
    <ClInclude Include="..\..\src\app\editor\ed_undo.h">
      <Filter>app\editor</Filter>
    </ClInclude>
    <ClInclude Include="..\..\src\app\editor\ed_undo_.h">
      <Filter>app\editor</Filter>
    </ClInclude>
    <ClInclude Include="..\..\src\app\editor\ed_cmd.h">
      <Filter>app\editor</Filter>
    </ClInclude>
    <ClInclude Include="..\..\src\app\editor\ed_cmd_.h">
      <Filter>app\editor</Filter>
    </ClInclude>
    <ClInclude Include="..\..\src\app\editor\ed_ui_properties.h">
      <Filter>app\editor</Filter>
    </ClInclude>
    <ClInclude Include="..\..\src\app\editor\ed_ui_properties_.h">
      <Filter>app\editor</Filter>
    </ClInclude>
  </ItemGroup>
</Project>